// !$*UTF8*$!
{
	archiveVersion = 1;
	classes = {
	};
	objectVersion = 50;
	objects = {

/* Begin PBXBuildFile section */
		8C3DBDF1208EDB890008F386 /* AppDelegate.swift in Sources */ = {isa = PBXBuildFile; fileRef = 8C3DBDF0208EDB890008F386 /* AppDelegate.swift */; };
		8C3DBDF3208EDB890008F386 /* URLSessionController.swift in Sources */ = {isa = PBXBuildFile; fileRef = 8C3DBDF2208EDB890008F386 /* URLSessionController.swift */; };
		8C3DBDF6208EDB890008F386 /* Main.storyboard in Resources */ = {isa = PBXBuildFile; fileRef = 8C3DBDF4208EDB890008F386 /* Main.storyboard */; };
		8C3DBDF8208EDB8A0008F386 /* Assets.xcassets in Resources */ = {isa = PBXBuildFile; fileRef = 8C3DBDF7208EDB8A0008F386 /* Assets.xcassets */; };
		8C3DBDFB208EDB8A0008F386 /* LaunchScreen.storyboard in Resources */ = {isa = PBXBuildFile; fileRef = 8C3DBDF9208EDB8A0008F386 /* LaunchScreen.storyboard */; };
		8C3DBE06208EDB8B0008F386 /* URLFetchTests.swift in Sources */ = {isa = PBXBuildFile; fileRef = 8C3DBE05208EDB8B0008F386 /* URLFetchTests.swift */; };
		8C3DBE11208EDB8B0008F386 /* URLFetchUITests.swift in Sources */ = {isa = PBXBuildFile; fileRef = 8C3DBE10208EDB8B0008F386 /* URLFetchUITests.swift */; };
		8C3DBE1F208EDE4A0008F386 /* Extensions.swift in Sources */ = {isa = PBXBuildFile; fileRef = 8C3DBE1E208EDE4A0008F386 /* Extensions.swift */; };
		8C3DBE22208FDD7E0008F386 /* Default-568h@2x.png in Resources */ = {isa = PBXBuildFile; fileRef = 8C3DBE21208FDD7E0008F386 /* Default-568h@2x.png */; };
/* End PBXBuildFile section */

/* Begin PBXContainerItemProxy section */
		8C3DBE02208EDB8B0008F386 /* PBXContainerItemProxy */ = {
			isa = PBXContainerItemProxy;
			containerPortal = 8C3DBDE5208EDB890008F386 /* Project object */;
			proxyType = 1;
			remoteGlobalIDString = 8C3DBDEC208EDB890008F386;
			remoteInfo = URLFetch;
		};
		8C3DBE0D208EDB8B0008F386 /* PBXContainerItemProxy */ = {
			isa = PBXContainerItemProxy;
			containerPortal = 8C3DBDE5208EDB890008F386 /* Project object */;
			proxyType = 1;
			remoteGlobalIDString = 8C3DBDEC208EDB890008F386;
			remoteInfo = URLFetch;
		};
/* End PBXContainerItemProxy section */

/* Begin PBXFileReference section */
		8C3DBDED208EDB890008F386 /* URLFetch.app */ = {isa = PBXFileReference; explicitFileType = wrapper.application; includeInIndex = 0; path = URLFetch.app; sourceTree = BUILT_PRODUCTS_DIR; };
		8C3DBDF0208EDB890008F386 /* AppDelegate.swift */ = {isa = PBXFileReference; lastKnownFileType = sourcecode.swift; path = AppDelegate.swift; sourceTree = "<group>"; };
		8C3DBDF2208EDB890008F386 /* URLSessionController.swift */ = {isa = PBXFileReference; lastKnownFileType = sourcecode.swift; path = URLSessionController.swift; sourceTree = "<group>"; };
		8C3DBDF5208EDB890008F386 /* Base */ = {isa = PBXFileReference; lastKnownFileType = file.storyboard; name = Base; path = Base.lproj/Main.storyboard; sourceTree = "<group>"; };
		8C3DBDF7208EDB8A0008F386 /* Assets.xcassets */ = {isa = PBXFileReference; lastKnownFileType = folder.assetcatalog; path = Assets.xcassets; sourceTree = "<group>"; };
		8C3DBDFA208EDB8A0008F386 /* Base */ = {isa = PBXFileReference; lastKnownFileType = file.storyboard; name = Base; path = Base.lproj/LaunchScreen.storyboard; sourceTree = "<group>"; };
		8C3DBDFC208EDB8A0008F386 /* Info.plist */ = {isa = PBXFileReference; lastKnownFileType = text.plist.xml; path = Info.plist; sourceTree = "<group>"; };
		8C3DBE01208EDB8B0008F386 /* URLFetchTests.xctest */ = {isa = PBXFileReference; explicitFileType = wrapper.cfbundle; includeInIndex = 0; path = URLFetchTests.xctest; sourceTree = BUILT_PRODUCTS_DIR; };
		8C3DBE05208EDB8B0008F386 /* URLFetchTests.swift */ = {isa = PBXFileReference; lastKnownFileType = sourcecode.swift; path = URLFetchTests.swift; sourceTree = "<group>"; };
		8C3DBE07208EDB8B0008F386 /* Info.plist */ = {isa = PBXFileReference; lastKnownFileType = text.plist.xml; path = Info.plist; sourceTree = "<group>"; };
		8C3DBE0C208EDB8B0008F386 /* URLFetchUITests.xctest */ = {isa = PBXFileReference; explicitFileType = wrapper.cfbundle; includeInIndex = 0; path = URLFetchUITests.xctest; sourceTree = BUILT_PRODUCTS_DIR; };
		8C3DBE10208EDB8B0008F386 /* URLFetchUITests.swift */ = {isa = PBXFileReference; lastKnownFileType = sourcecode.swift; path = URLFetchUITests.swift; sourceTree = "<group>"; };
		8C3DBE12208EDB8B0008F386 /* Info.plist */ = {isa = PBXFileReference; lastKnownFileType = text.plist.xml; path = Info.plist; sourceTree = "<group>"; };
		8C3DBE1E208EDE4A0008F386 /* Extensions.swift */ = {isa = PBXFileReference; lastKnownFileType = sourcecode.swift; path = Extensions.swift; sourceTree = "<group>"; };
		8C3DBE21208FDD7E0008F386 /* Default-568h@2x.png */ = {isa = PBXFileReference; lastKnownFileType = image.png; path = "Default-568h@2x.png"; sourceTree = "<group>"; };
/* End PBXFileReference section */

/* Begin PBXFrameworksBuildPhase section */
		8C3DBDEA208EDB890008F386 /* Frameworks */ = {
			isa = PBXFrameworksBuildPhase;
			buildActionMask = 2147483647;
			files = (
			);
			runOnlyForDeploymentPostprocessing = 0;
		};
		8C3DBDFE208EDB8B0008F386 /* Frameworks */ = {
			isa = PBXFrameworksBuildPhase;
			buildActionMask = 2147483647;
			files = (
			);
			runOnlyForDeploymentPostprocessing = 0;
		};
		8C3DBE09208EDB8B0008F386 /* Frameworks */ = {
			isa = PBXFrameworksBuildPhase;
			buildActionMask = 2147483647;
			files = (
			);
			runOnlyForDeploymentPostprocessing = 0;
		};
/* End PBXFrameworksBuildPhase section */

/* Begin PBXGroup section */
		8C3DBDE4208EDB890008F386 = {
			isa = PBXGroup;
			children = (
				8C3DBE21208FDD7E0008F386 /* Default-568h@2x.png */,
				8C3DBDEF208EDB890008F386 /* URLFetch */,
				8C3DBE04208EDB8B0008F386 /* URLFetchTests */,
				8C3DBE0F208EDB8B0008F386 /* URLFetchUITests */,
				8C3DBDEE208EDB890008F386 /* Products */,
			);
			sourceTree = "<group>";
		};
		8C3DBDEE208EDB890008F386 /* Products */ = {
			isa = PBXGroup;
			children = (
				8C3DBDED208EDB890008F386 /* URLFetch.app */,
				8C3DBE01208EDB8B0008F386 /* URLFetchTests.xctest */,
				8C3DBE0C208EDB8B0008F386 /* URLFetchUITests.xctest */,
			);
			name = Products;
			sourceTree = "<group>";
		};
		8C3DBDEF208EDB890008F386 /* URLFetch */ = {
			isa = PBXGroup;
			children = (
				8C3DBDFC208EDB8A0008F386 /* Info.plist */,
				8C3DBE20208FDD670008F386 /* Not Important */,
				8C3DBDF0208EDB890008F386 /* AppDelegate.swift */,
				8C3DBDF2208EDB890008F386 /* URLSessionController.swift */,
				8C3DBE1E208EDE4A0008F386 /* Extensions.swift */,
			);
			path = URLFetch;
			sourceTree = "<group>";
		};
		8C3DBE04208EDB8B0008F386 /* URLFetchTests */ = {
			isa = PBXGroup;
			children = (
				8C3DBE05208EDB8B0008F386 /* URLFetchTests.swift */,
				8C3DBE07208EDB8B0008F386 /* Info.plist */,
			);
			path = URLFetchTests;
			sourceTree = "<group>";
		};
		8C3DBE0F208EDB8B0008F386 /* URLFetchUITests */ = {
			isa = PBXGroup;
			children = (
				8C3DBE10208EDB8B0008F386 /* URLFetchUITests.swift */,
				8C3DBE12208EDB8B0008F386 /* Info.plist */,
			);
			path = URLFetchUITests;
			sourceTree = "<group>";
		};
		8C3DBE20208FDD670008F386 /* Not Important */ = {
			isa = PBXGroup;
			children = (
				8C3DBDF7208EDB8A0008F386 /* Assets.xcassets */,
				8C3DBDF9208EDB8A0008F386 /* LaunchScreen.storyboard */,
				8C3DBDF4208EDB890008F386 /* Main.storyboard */,
			);
			path = "Not Important";
			sourceTree = "<group>";
		};
/* End PBXGroup section */

/* Begin PBXNativeTarget section */
		8C3DBDEC208EDB890008F386 /* URLFetch */ = {
			isa = PBXNativeTarget;
			buildConfigurationList = 8C3DBE15208EDB8B0008F386 /* Build configuration list for PBXNativeTarget "URLFetch" */;
			buildPhases = (
				8C3DBDE9208EDB890008F386 /* Sources */,
				8C3DBDEA208EDB890008F386 /* Frameworks */,
				8C3DBDEB208EDB890008F386 /* Resources */,
			);
			buildRules = (
			);
			dependencies = (
			);
			name = URLFetch;
			productName = URLFetch;
			productReference = 8C3DBDED208EDB890008F386 /* URLFetch.app */;
			productType = "com.apple.product-type.application";
		};
		8C3DBE00208EDB8B0008F386 /* URLFetchTests */ = {
			isa = PBXNativeTarget;
			buildConfigurationList = 8C3DBE18208EDB8B0008F386 /* Build configuration list for PBXNativeTarget "URLFetchTests" */;
			buildPhases = (
				8C3DBDFD208EDB8B0008F386 /* Sources */,
				8C3DBDFE208EDB8B0008F386 /* Frameworks */,
				8C3DBDFF208EDB8B0008F386 /* Resources */,
			);
			buildRules = (
			);
			dependencies = (
				8C3DBE03208EDB8B0008F386 /* PBXTargetDependency */,
			);
			name = URLFetchTests;
			productName = URLFetchTests;
			productReference = 8C3DBE01208EDB8B0008F386 /* URLFetchTests.xctest */;
			productType = "com.apple.product-type.bundle.unit-test";
		};
		8C3DBE0B208EDB8B0008F386 /* URLFetchUITests */ = {
			isa = PBXNativeTarget;
			buildConfigurationList = 8C3DBE1B208EDB8B0008F386 /* Build configuration list for PBXNativeTarget "URLFetchUITests" */;
			buildPhases = (
				8C3DBE08208EDB8B0008F386 /* Sources */,
				8C3DBE09208EDB8B0008F386 /* Frameworks */,
				8C3DBE0A208EDB8B0008F386 /* Resources */,
			);
			buildRules = (
			);
			dependencies = (
				8C3DBE0E208EDB8B0008F386 /* PBXTargetDependency */,
			);
			name = URLFetchUITests;
			productName = URLFetchUITests;
			productReference = 8C3DBE0C208EDB8B0008F386 /* URLFetchUITests.xctest */;
			productType = "com.apple.product-type.bundle.ui-testing";
		};
/* End PBXNativeTarget section */

/* Begin PBXProject section */
		8C3DBDE5208EDB890008F386 /* Project object */ = {
			isa = PBXProject;
			attributes = {
				LastSwiftUpdateCheck = 0940;
				LastUpgradeCheck = 0940;
				ORGANIZATIONNAME = tetra;
				TargetAttributes = {
					8C3DBDEC208EDB890008F386 = {
						CreatedOnToolsVersion = 9.4;
					};
					8C3DBE00208EDB8B0008F386 = {
						CreatedOnToolsVersion = 9.4;
						TestTargetID = 8C3DBDEC208EDB890008F386;
					};
					8C3DBE0B208EDB8B0008F386 = {
						CreatedOnToolsVersion = 9.4;
						TestTargetID = 8C3DBDEC208EDB890008F386;
					};
				};
			};
			buildConfigurationList = 8C3DBDE8208EDB890008F386 /* Build configuration list for PBXProject "URLFetch" */;
			compatibilityVersion = "Xcode 9.3";
			developmentRegion = en;
			hasScannedForEncodings = 0;
			knownRegions = (
				en,
				Base,
			);
			mainGroup = 8C3DBDE4208EDB890008F386;
			productRefGroup = 8C3DBDEE208EDB890008F386 /* Products */;
			projectDirPath = "";
			projectRoot = "";
			targets = (
				8C3DBDEC208EDB890008F386 /* URLFetch */,
				8C3DBE00208EDB8B0008F386 /* URLFetchTests */,
				8C3DBE0B208EDB8B0008F386 /* URLFetchUITests */,
			);
		};
/* End PBXProject section */

/* Begin PBXResourcesBuildPhase section */
		8C3DBDEB208EDB890008F386 /* Resources */ = {
			isa = PBXResourcesBuildPhase;
			buildActionMask = 2147483647;
			files = (
				8C3DBDFB208EDB8A0008F386 /* LaunchScreen.storyboard in Resources */,
				8C3DBE22208FDD7E0008F386 /* Default-568h@2x.png in Resources */,
				8C3DBDF8208EDB8A0008F386 /* Assets.xcassets in Resources */,
				8C3DBDF6208EDB890008F386 /* Main.storyboard in Resources */,
			);
			runOnlyForDeploymentPostprocessing = 0;
		};
		8C3DBDFF208EDB8B0008F386 /* Resources */ = {
			isa = PBXResourcesBuildPhase;
			buildActionMask = 2147483647;
			files = (
			);
			runOnlyForDeploymentPostprocessing = 0;
		};
		8C3DBE0A208EDB8B0008F386 /* Resources */ = {
			isa = PBXResourcesBuildPhase;
			buildActionMask = 2147483647;
			files = (
			);
			runOnlyForDeploymentPostprocessing = 0;
		};
/* End PBXResourcesBuildPhase section */

/* Begin PBXSourcesBuildPhase section */
		8C3DBDE9208EDB890008F386 /* Sources */ = {
			isa = PBXSourcesBuildPhase;
			buildActionMask = 2147483647;
			files = (
				8C3DBDF3208EDB890008F386 /* URLSessionController.swift in Sources */,
				8C3DBE1F208EDE4A0008F386 /* Extensions.swift in Sources */,
				8C3DBDF1208EDB890008F386 /* AppDelegate.swift in Sources */,
			);
			runOnlyForDeploymentPostprocessing = 0;
		};
		8C3DBDFD208EDB8B0008F386 /* Sources */ = {
			isa = PBXSourcesBuildPhase;
			buildActionMask = 2147483647;
			files = (
				8C3DBE06208EDB8B0008F386 /* URLFetchTests.swift in Sources */,
			);
			runOnlyForDeploymentPostprocessing = 0;
		};
		8C3DBE08208EDB8B0008F386 /* Sources */ = {
			isa = PBXSourcesBuildPhase;
			buildActionMask = 2147483647;
			files = (
				8C3DBE11208EDB8B0008F386 /* URLFetchUITests.swift in Sources */,
			);
			runOnlyForDeploymentPostprocessing = 0;
		};
/* End PBXSourcesBuildPhase section */

/* Begin PBXTargetDependency section */
		8C3DBE03208EDB8B0008F386 /* PBXTargetDependency */ = {
			isa = PBXTargetDependency;
			target = 8C3DBDEC208EDB890008F386 /* URLFetch */;
			targetProxy = 8C3DBE02208EDB8B0008F386 /* PBXContainerItemProxy */;
		};
		8C3DBE0E208EDB8B0008F386 /* PBXTargetDependency */ = {
			isa = PBXTargetDependency;
			target = 8C3DBDEC208EDB890008F386 /* URLFetch */;
			targetProxy = 8C3DBE0D208EDB8B0008F386 /* PBXContainerItemProxy */;
		};
/* End PBXTargetDependency section */

/* Begin PBXVariantGroup section */
		8C3DBDF4208EDB890008F386 /* Main.storyboard */ = {
			isa = PBXVariantGroup;
			children = (
				8C3DBDF5208EDB890008F386 /* Base */,
			);
			name = Main.storyboard;
			sourceTree = "<group>";
		};
		8C3DBDF9208EDB8A0008F386 /* LaunchScreen.storyboard */ = {
			isa = PBXVariantGroup;
			children = (
				8C3DBDFA208EDB8A0008F386 /* Base */,
			);
			name = LaunchScreen.storyboard;
			sourceTree = "<group>";
		};
/* End PBXVariantGroup section */

/* Begin XCBuildConfiguration section */
		8C3DBE13208EDB8B0008F386 /* Debug */ = {
			isa = XCBuildConfiguration;
			buildSettings = {
				ALWAYS_SEARCH_USER_PATHS = NO;
				CLANG_ANALYZER_NONNULL = YES;
				CLANG_ANALYZER_NUMBER_OBJECT_CONVERSION = YES_AGGRESSIVE;
				CLANG_CXX_LANGUAGE_STANDARD = "gnu++14";
				CLANG_CXX_LIBRARY = "libc++";
				CLANG_ENABLE_MODULES = YES;
				CLANG_ENABLE_OBJC_ARC = YES;
				CLANG_ENABLE_OBJC_WEAK = YES;
				CLANG_WARN_BLOCK_CAPTURE_AUTORELEASING = YES;
				CLANG_WARN_BOOL_CONVERSION = YES;
				CLANG_WARN_COMMA = YES;
				CLANG_WARN_CONSTANT_CONVERSION = YES;
				CLANG_WARN_DEPRECATED_OBJC_IMPLEMENTATIONS = YES;
				CLANG_WARN_DIRECT_OBJC_ISA_USAGE = YES_ERROR;
				CLANG_WARN_DOCUMENTATION_COMMENTS = YES;
				CLANG_WARN_EMPTY_BODY = YES;
				CLANG_WARN_ENUM_CONVERSION = YES;
				CLANG_WARN_INFINITE_RECURSION = YES;
				CLANG_WARN_INT_CONVERSION = YES;
				CLANG_WARN_NON_LITERAL_NULL_CONVERSION = YES;
				CLANG_WARN_OBJC_IMPLICIT_RETAIN_SELF = YES;
				CLANG_WARN_OBJC_LITERAL_CONVERSION = YES;
				CLANG_WARN_OBJC_ROOT_CLASS = YES_ERROR;
				CLANG_WARN_RANGE_LOOP_ANALYSIS = YES;
				CLANG_WARN_STRICT_PROTOTYPES = YES;
				CLANG_WARN_SUSPICIOUS_MOVE = YES;
				CLANG_WARN_UNGUARDED_AVAILABILITY = YES_AGGRESSIVE;
				CLANG_WARN_UNREACHABLE_CODE = YES;
				CLANG_WARN__DUPLICATE_METHOD_MATCH = YES;
				CODE_SIGN_IDENTITY = "iPhone Developer";
				COPY_PHASE_STRIP = NO;
				DEBUG_INFORMATION_FORMAT = dwarf;
				ENABLE_STRICT_OBJC_MSGSEND = YES;
				ENABLE_TESTABILITY = YES;
				GCC_C_LANGUAGE_STANDARD = gnu11;
				GCC_DYNAMIC_NO_PIC = NO;
				GCC_NO_COMMON_BLOCKS = YES;
				GCC_OPTIMIZATION_LEVEL = 0;
				GCC_PREPROCESSOR_DEFINITIONS = (
					"DEBUG=1",
					"$(inherited)",
				);
				GCC_WARN_64_TO_32_BIT_CONVERSION = YES;
				GCC_WARN_ABOUT_RETURN_TYPE = YES_ERROR;
				GCC_WARN_UNDECLARED_SELECTOR = YES;
				GCC_WARN_UNINITIALIZED_AUTOS = YES_AGGRESSIVE;
				GCC_WARN_UNUSED_FUNCTION = YES;
				GCC_WARN_UNUSED_VARIABLE = YES;
				IPHONEOS_DEPLOYMENT_TARGET = 11.4;
				MTL_ENABLE_DEBUG_INFO = YES;
				ONLY_ACTIVE_ARCH = YES;
				SDKROOT = iphoneos;
				SWIFT_ACTIVE_COMPILATION_CONDITIONS = DEBUG;
				SWIFT_OPTIMIZATION_LEVEL = "-Onone";
			};
			name = Debug;
		};
		8C3DBE14208EDB8B0008F386 /* Release */ = {
			isa = XCBuildConfiguration;
			buildSettings = {
				ALWAYS_SEARCH_USER_PATHS = NO;
				CLANG_ANALYZER_NONNULL = YES;
				CLANG_ANALYZER_NUMBER_OBJECT_CONVERSION = YES_AGGRESSIVE;
				CLANG_CXX_LANGUAGE_STANDARD = "gnu++14";
				CLANG_CXX_LIBRARY = "libc++";
				CLANG_ENABLE_MODULES = YES;
				CLANG_ENABLE_OBJC_ARC = YES;
				CLANG_ENABLE_OBJC_WEAK = YES;
				CLANG_WARN_BLOCK_CAPTURE_AUTORELEASING = YES;
				CLANG_WARN_BOOL_CONVERSION = YES;
				CLANG_WARN_COMMA = YES;
				CLANG_WARN_CONSTANT_CONVERSION = YES;
				CLANG_WARN_DEPRECATED_OBJC_IMPLEMENTATIONS = YES;
				CLANG_WARN_DIRECT_OBJC_ISA_USAGE = YES_ERROR;
				CLANG_WARN_DOCUMENTATION_COMMENTS = YES;
				CLANG_WARN_EMPTY_BODY = YES;
				CLANG_WARN_ENUM_CONVERSION = YES;
				CLANG_WARN_INFINITE_RECURSION = YES;
				CLANG_WARN_INT_CONVERSION = YES;
				CLANG_WARN_NON_LITERAL_NULL_CONVERSION = YES;
				CLANG_WARN_OBJC_IMPLICIT_RETAIN_SELF = YES;
				CLANG_WARN_OBJC_LITERAL_CONVERSION = YES;
				CLANG_WARN_OBJC_ROOT_CLASS = YES_ERROR;
				CLANG_WARN_RANGE_LOOP_ANALYSIS = YES;
				CLANG_WARN_STRICT_PROTOTYPES = YES;
				CLANG_WARN_SUSPICIOUS_MOVE = YES;
				CLANG_WARN_UNGUARDED_AVAILABILITY = YES_AGGRESSIVE;
				CLANG_WARN_UNREACHABLE_CODE = YES;
				CLANG_WARN__DUPLICATE_METHOD_MATCH = YES;
				CODE_SIGN_IDENTITY = "iPhone Developer";
				COPY_PHASE_STRIP = NO;
				DEBUG_INFORMATION_FORMAT = "dwarf-with-dsym";
				ENABLE_NS_ASSERTIONS = NO;
				ENABLE_STRICT_OBJC_MSGSEND = YES;
				GCC_C_LANGUAGE_STANDARD = gnu11;
				GCC_NO_COMMON_BLOCKS = YES;
				GCC_WARN_64_TO_32_BIT_CONVERSION = YES;
				GCC_WARN_ABOUT_RETURN_TYPE = YES_ERROR;
				GCC_WARN_UNDECLARED_SELECTOR = YES;
				GCC_WARN_UNINITIALIZED_AUTOS = YES_AGGRESSIVE;
				GCC_WARN_UNUSED_FUNCTION = YES;
				GCC_WARN_UNUSED_VARIABLE = YES;
				IPHONEOS_DEPLOYMENT_TARGET = 11.4;
				MTL_ENABLE_DEBUG_INFO = NO;
				SDKROOT = iphoneos;
				SWIFT_COMPILATION_MODE = wholemodule;
				SWIFT_OPTIMIZATION_LEVEL = "-O";
				VALIDATE_PRODUCT = YES;
			};
			name = Release;
		};
		8C3DBE16208EDB8B0008F386 /* Debug */ = {
			isa = XCBuildConfiguration;
			buildSettings = {
				ASSETCATALOG_COMPILER_APPICON_NAME = AppIcon;
				CODE_SIGN_STYLE = Automatic;
				DEVELOPMENT_TEAM = A6GU9B9DSF;
				INFOPLIST_FILE = URLFetch/Info.plist;
				LD_RUNPATH_SEARCH_PATHS = (
					"$(inherited)",
					"@executable_path/Frameworks",
				);
				PRODUCT_BUNDLE_IDENTIFIER = com.tetra.URLFetch;
				PRODUCT_NAME = "$(TARGET_NAME)";
				SWIFT_VERSION = 4.0;
				TARGETED_DEVICE_FAMILY = "1,2";
			};
			name = Debug;
		};
		8C3DBE17208EDB8B0008F386 /* Release */ = {
			isa = XCBuildConfiguration;
			buildSettings = {
				ASSETCATALOG_COMPILER_APPICON_NAME = AppIcon;
				CODE_SIGN_STYLE = Automatic;
				DEVELOPMENT_TEAM = A6GU9B9DSF;
				INFOPLIST_FILE = URLFetch/Info.plist;
				LD_RUNPATH_SEARCH_PATHS = (
					"$(inherited)",
					"@executable_path/Frameworks",
				);
				PRODUCT_BUNDLE_IDENTIFIER = com.tetra.URLFetch;
				PRODUCT_NAME = "$(TARGET_NAME)";
				SWIFT_VERSION = 4.0;
				TARGETED_DEVICE_FAMILY = "1,2";
			};
			name = Release;
		};
		8C3DBE19208EDB8B0008F386 /* Debug */ = {
			isa = XCBuildConfiguration;
			buildSettings = {
				ALWAYS_EMBED_SWIFT_STANDARD_LIBRARIES = YES;
				BUNDLE_LOADER = "$(TEST_HOST)";
				CODE_SIGN_STYLE = Automatic;
				DEVELOPMENT_TEAM = A6GU9B9DSF;
				INFOPLIST_FILE = URLFetchTests/Info.plist;
				LD_RUNPATH_SEARCH_PATHS = (
					"$(inherited)",
					"@executable_path/Frameworks",
					"@loader_path/Frameworks",
				);
				PRODUCT_BUNDLE_IDENTIFIER = com.tetra.URLFetchTests;
				PRODUCT_NAME = "$(TARGET_NAME)";
				SWIFT_VERSION = 4.0;
				TARGETED_DEVICE_FAMILY = "1,2";
				TEST_HOST = "$(BUILT_PRODUCTS_DIR)/URLFetch.app/URLFetch";
			};
			name = Debug;
		};
		8C3DBE1A208EDB8B0008F386 /* Release */ = {
			isa = XCBuildConfiguration;
			buildSettings = {
				ALWAYS_EMBED_SWIFT_STANDARD_LIBRARIES = YES;
				BUNDLE_LOADER = "$(TEST_HOST)";
				CODE_SIGN_STYLE = Automatic;
				DEVELOPMENT_TEAM = A6GU9B9DSF;
				INFOPLIST_FILE = URLFetchTests/Info.plist;
				LD_RUNPATH_SEARCH_PATHS = (
					"$(inherited)",
					"@executable_path/Frameworks",
					"@loader_path/Frameworks",
				);
				PRODUCT_BUNDLE_IDENTIFIER = com.tetra.URLFetchTests;
				PRODUCT_NAME = "$(TARGET_NAME)";
				SWIFT_VERSION = 4.0;
				TARGETED_DEVICE_FAMILY = "1,2";
				TEST_HOST = "$(BUILT_PRODUCTS_DIR)/URLFetch.app/URLFetch";
			};
			name = Release;
		};
		8C3DBE1C208EDB8B0008F386 /* Debug */ = {
			isa = XCBuildConfiguration;
			buildSettings = {
				ALWAYS_EMBED_SWIFT_STANDARD_LIBRARIES = YES;
				CODE_SIGN_STYLE = Automatic;
				DEVELOPMENT_TEAM = A6GU9B9DSF;
				INFOPLIST_FILE = URLFetchUITests/Info.plist;
				LD_RUNPATH_SEARCH_PATHS = (
					"$(inherited)",
					"@executable_path/Frameworks",
					"@loader_path/Frameworks",
				);
				PRODUCT_BUNDLE_IDENTIFIER = com.tetra.URLFetchUITests;
				PRODUCT_NAME = "$(TARGET_NAME)";
				SWIFT_VERSION = 4.0;
				TARGETED_DEVICE_FAMILY = "1,2";
				TEST_TARGET_NAME = URLFetch;
			};
			name = Debug;
		};
		8C3DBE1D208EDB8B0008F386 /* Release */ = {
			isa = XCBuildConfiguration;
			buildSettings = {
				ALWAYS_EMBED_SWIFT_STANDARD_LIBRARIES = YES;
				CODE_SIGN_STYLE = Automatic;
				DEVELOPMENT_TEAM = A6GU9B9DSF;
				INFOPLIST_FILE = URLFetchUITests/Info.plist;
				LD_RUNPATH_SEARCH_PATHS = (
					"$(inherited)",
					"@executable_path/Frameworks",
					"@loader_path/Frameworks",
				);
				PRODUCT_BUNDLE_IDENTIFIER = com.tetra.URLFetchUITests;
				PRODUCT_NAME = "$(TARGET_NAME)";
				SWIFT_VERSION = 4.0;
				TARGETED_DEVICE_FAMILY = "1,2";
				TEST_TARGET_NAME = URLFetch;
			};
			name = Release;
		};
/* End XCBuildConfiguration section */

/* Begin XCConfigurationList section */
		8C3DBDE8208EDB890008F386 /* Build configuration list for PBXProject "URLFetch" */ = {
			isa = XCConfigurationList;
			buildConfigurations = (
				8C3DBE13208EDB8B0008F386 /* Debug */,
				8C3DBE14208EDB8B0008F386 /* Release */,
			);
			defaultConfigurationIsVisible = 0;
			defaultConfigurationName = Release;
		};
		8C3DBE15208EDB8B0008F386 /* Build configuration list for PBXNativeTarget "URLFetch" */ = {
			isa = XCConfigurationList;
			buildConfigurations = (
				8C3DBE16208EDB8B0008F386 /* Debug */,
				8C3DBE17208EDB8B0008F386 /* Release */,
			);
			defaultConfigurationIsVisible = 0;
			defaultConfigurationName = Release;
		};
		8C3DBE18208EDB8B0008F386 /* Build configuration list for PBXNativeTarget "URLFetchTests" */ = {
			isa = XCConfigurationList;
			buildConfigurations = (
				8C3DBE19208EDB8B0008F386 /* Debug */,
				8C3DBE1A208EDB8B0008F386 /* Release */,
			);
			defaultConfigurationIsVisible = 0;
			defaultConfigurationName = Release;
		};
		8C3DBE1B208EDB8B0008F386 /* Build configuration list for PBXNativeTarget "URLFetchUITests" */ = {
			isa = XCConfigurationList;
			buildConfigurations = (
				8C3DBE1C208EDB8B0008F386 /* Debug */,
				8C3DBE1D208EDB8B0008F386 /* Release */,
			);
			defaultConfigurationIsVisible = 0;
			defaultConfigurationName = Release;
		};
/* End XCConfigurationList section */
	};
	rootObject = 8C3DBDE5208EDB890008F386 /* Project object */;
}
